
Microsoft Visual Studio Solution File, Format Version 12.00
# Visual Studio Version 16
VisualStudioVersion = 16.0.30114.105
MinimumVisualStudioVersion = 10.0.40219.1
Project("{FAE04EC0-301F-11D3-BF4B-00C04F79EFBC}") = "CLCrittografia", "CLCrittografia\CLCrittografia.csproj", "{E503C9D2-008A-4A73-A34F-A38D893869EC}"
EndProject
Project("{FAE04EC0-301F-11D3-BF4B-00C04F79EFBC}") = "WFCodyShark", "WFCodyShark\WFCodyShark.csproj", "{008CF2DA-B90C-4CBA-B652-5FF05457E5A1}"
EndProject
Project("{FAE04EC0-301F-11D3-BF4B-00C04F79EFBC}") = "CADebug", "CADebug\CADebug.csproj", "{CC4BD379-EE10-40E2-8131-C7588C072FC7}"
EndProject
Global
	GlobalSection(SolutionConfigurationPlatforms) = preSolution
		Debug|Any CPU = Debug|Any CPU
		Release|Any CPU = Release|Any CPU
	EndGlobalSection
	GlobalSection(ProjectConfigurationPlatforms) = postSolution
		{E503C9D2-008A-4A73-A34F-A38D893869EC}.Debug|Any CPU.ActiveCfg = Debug|Any CPU
		{E503C9D2-008A-4A73-A34F-A38D893869EC}.Debug|Any CPU.Build.0 = Debug|Any CPU
		{E503C9D2-008A-4A73-A34F-A38D893869EC}.Release|Any CPU.ActiveCfg = Release|Any CPU
		{E503C9D2-008A-4A73-A34F-A38D893869EC}.Release|Any CPU.Build.0 = Release|Any CPU
		{008CF2DA-B90C-4CBA-B652-5FF05457E5A1}.Debug|Any CPU.ActiveCfg = Debug|Any CPU
		{008CF2DA-B90C-4CBA-B652-5FF05457E5A1}.Debug|Any CPU.Build.0 = Debug|Any CPU
		{008CF2DA-B90C-4CBA-B652-5FF05457E5A1}.Release|Any CPU.ActiveCfg = Release|Any CPU
		{008CF2DA-B90C-4CBA-B652-5FF05457E5A1}.Release|Any CPU.Build.0 = Release|Any CPU
		{CC4BD379-EE10-40E2-8131-C7588C072FC7}.Debug|Any CPU.ActiveCfg = Debug|Any CPU
		{CC4BD379-EE10-40E2-8131-C7588C072FC7}.Debug|Any CPU.Build.0 = Debug|Any CPU
		{CC4BD379-EE10-40E2-8131-C7588C072FC7}.Release|Any CPU.ActiveCfg = Release|Any CPU
		{CC4BD379-EE10-40E2-8131-C7588C072FC7}.Release|Any CPU.Build.0 = Release|Any CPU
	EndGlobalSection
	GlobalSection(SolutionProperties) = preSolution
		HideSolutionNode = FALSE
	EndGlobalSection
	GlobalSection(ExtensibilityGlobals) = postSolution
		SolutionGuid = {DF9259B9-069B-401B-AC18-AC824D4AEA34}
	EndGlobalSection
EndGlobal
